// !$*UTF8*$!
{
	archiveVersion = 1;
	classes = {
	};
	objectVersion = 55;
	objects = {

/* Begin PBXBuildFile section */
		446D93FF28CA243200834318 /* AppDelegate.swift in Sources */ = {isa = PBXBuildFile; fileRef = 446D93FE28CA243200834318 /* AppDelegate.swift */; };
		446D940128CA243200834318 /* SceneDelegate.swift in Sources */ = {isa = PBXBuildFile; fileRef = 446D940028CA243200834318 /* SceneDelegate.swift */; };
		446D940328CA243200834318 /* ViewController.swift in Sources */ = {isa = PBXBuildFile; fileRef = 446D940228CA243200834318 /* ViewController.swift */; };
		446D940628CA243200834318 /* Main.storyboard in Resources */ = {isa = PBXBuildFile; fileRef = 446D940428CA243200834318 /* Main.storyboard */; };
		446D940828CA243800834318 /* Assets.xcassets in Resources */ = {isa = PBXBuildFile; fileRef = 446D940728CA243800834318 /* Assets.xcassets */; };
		446D940B28CA243800834318 /* LaunchScreen.storyboard in Resources */ = {isa = PBXBuildFile; fileRef = 446D940928CA243800834318 /* LaunchScreen.storyboard */; };
		446D941428CA25E400834318 /* JsonModel.swift in Sources */ = {isa = PBXBuildFile; fileRef = 446D941328CA25E400834318 /* JsonModel.swift */; };
		446D941628CA274900834318 /* RawData.json in Resources */ = {isa = PBXBuildFile; fileRef = 446D941528CA274900834318 /* RawData.json */; };
		446D941A28CA343C00834318 /* GenreModel.swift in Sources */ = {isa = PBXBuildFile; fileRef = 446D941928CA343C00834318 /* GenreModel.swift */; };
		446D941E28CA349A00834318 /* FilmModel.swift in Sources */ = {isa = PBXBuildFile; fileRef = 446D941D28CA349A00834318 /* FilmModel.swift */; };
		446D942128CA3DCC00834318 /* MovieViewController.swift in Sources */ = {isa = PBXBuildFile; fileRef = 446D942028CA3DCC00834318 /* MovieViewController.swift */; };
		446D942428CA515000834318 /* GenreViewController.swift in Sources */ = {isa = PBXBuildFile; fileRef = 446D942328CA515000834318 /* GenreViewController.swift */; };
		9C0E7D4390827E25BBEB495D /* Pods_JSONParsing.framework in Frameworks */ = {isa = PBXBuildFile; fileRef = 65135716930245F99A91E0EB /* Pods_JSONParsing.framework */; };
/* End PBXBuildFile section */

/* Begin PBXFileReference section */
		446D93FB28CA243200834318 /* JSONParsing.app */ = {isa = PBXFileReference; explicitFileType = wrapper.application; includeInIndex = 0; path = JSONParsing.app; sourceTree = BUILT_PRODUCTS_DIR; };
		446D93FE28CA243200834318 /* AppDelegate.swift */ = {isa = PBXFileReference; lastKnownFileType = sourcecode.swift; path = AppDelegate.swift; sourceTree = "<group>"; };
		446D940028CA243200834318 /* SceneDelegate.swift */ = {isa = PBXFileReference; lastKnownFileType = sourcecode.swift; path = SceneDelegate.swift; sourceTree = "<group>"; };
		446D940228CA243200834318 /* ViewController.swift */ = {isa = PBXFileReference; lastKnownFileType = sourcecode.swift; path = ViewController.swift; sourceTree = "<group>"; };
		446D940528CA243200834318 /* Base */ = {isa = PBXFileReference; lastKnownFileType = file.storyboard; name = Base; path = Base.lproj/Main.storyboard; sourceTree = "<group>"; };
		446D940728CA243800834318 /* Assets.xcassets */ = {isa = PBXFileReference; lastKnownFileType = folder.assetcatalog; path = Assets.xcassets; sourceTree = "<group>"; };
		446D940A28CA243800834318 /* Base */ = {isa = PBXFileReference; lastKnownFileType = file.storyboard; name = Base; path = Base.lproj/LaunchScreen.storyboard; sourceTree = "<group>"; };
		446D940C28CA243800834318 /* Info.plist */ = {isa = PBXFileReference; lastKnownFileType = text.plist.xml; path = Info.plist; sourceTree = "<group>"; };
		446D941328CA25E400834318 /* JsonModel.swift */ = {isa = PBXFileReference; lastKnownFileType = sourcecode.swift; path = JsonModel.swift; sourceTree = "<group>"; };
		446D941528CA274900834318 /* RawData.json */ = {isa = PBXFileReference; lastKnownFileType = text.json; path = RawData.json; sourceTree = "<group>"; };
		446D941928CA343C00834318 /* GenreModel.swift */ = {isa = PBXFileReference; lastKnownFileType = sourcecode.swift; path = GenreModel.swift; sourceTree = "<group>"; };
		446D941D28CA349A00834318 /* FilmModel.swift */ = {isa = PBXFileReference; lastKnownFileType = sourcecode.swift; path = FilmModel.swift; sourceTree = "<group>"; };
		446D942028CA3DCC00834318 /* MovieViewController.swift */ = {isa = PBXFileReference; lastKnownFileType = sourcecode.swift; path = MovieViewController.swift; sourceTree = "<group>"; };
		446D942328CA515000834318 /* GenreViewController.swift */ = {isa = PBXFileReference; lastKnownFileType = sourcecode.swift; path = GenreViewController.swift; sourceTree = "<group>"; };
		65135716930245F99A91E0EB /* Pods_JSONParsing.framework */ = {isa = PBXFileReference; explicitFileType = wrapper.framework; includeInIndex = 0; path = Pods_JSONParsing.framework; sourceTree = BUILT_PRODUCTS_DIR; };
		81789290050E04FD42EE8578 /* Pods-JSONParsing.release.xcconfig */ = {isa = PBXFileReference; includeInIndex = 1; lastKnownFileType = text.xcconfig; name = "Pods-JSONParsing.release.xcconfig"; path = "Target Support Files/Pods-JSONParsing/Pods-JSONParsing.release.xcconfig"; sourceTree = "<group>"; };
		86B5A6863ACC3D727285E5F8 /* Pods-JSONParsing.debug.xcconfig */ = {isa = PBXFileReference; includeInIndex = 1; lastKnownFileType = text.xcconfig; name = "Pods-JSONParsing.debug.xcconfig"; path = "Target Support Files/Pods-JSONParsing/Pods-JSONParsing.debug.xcconfig"; sourceTree = "<group>"; };
/* End PBXFileReference section */

/* Begin PBXFrameworksBuildPhase section */
		446D93F828CA243200834318 /* Frameworks */ = {
			isa = PBXFrameworksBuildPhase;
			buildActionMask = 2147483647;
			files = (
				9C0E7D4390827E25BBEB495D /* Pods_JSONParsing.framework in Frameworks */,
			);
			runOnlyForDeploymentPostprocessing = 0;
		};
/* End PBXFrameworksBuildPhase section */

/* Begin PBXGroup section */
		446D93F228CA243200834318 = {
			isa = PBXGroup;
			children = (
				446D93FD28CA243200834318 /* JSONParsing */,
				446D93FC28CA243200834318 /* Products */,
				FB453FD9D7FB17FF56637991 /* Pods */,
				4537296244888D2E63C36581 /* Frameworks */,
			);
			sourceTree = "<group>";
		};
		446D93FC28CA243200834318 /* Products */ = {
			isa = PBXGroup;
			children = (
				446D93FB28CA243200834318 /* JSONParsing.app */,
			);
			name = Products;
			sourceTree = "<group>";
		};
		446D93FD28CA243200834318 /* JSONParsing */ = {
			isa = PBXGroup;
			children = (
				446D942228CA513000834318 /* GenreViewControl */,
				446D941F28CA3D7C00834318 /* MovieController */,
				446D941228CA25D400834318 /* Data */,
				446D93FE28CA243200834318 /* AppDelegate.swift */,
				446D940028CA243200834318 /* SceneDelegate.swift */,
				446D940228CA243200834318 /* ViewController.swift */,
				446D940428CA243200834318 /* Main.storyboard */,
				446D940728CA243800834318 /* Assets.xcassets */,
				446D940928CA243800834318 /* LaunchScreen.storyboard */,
				446D940C28CA243800834318 /* Info.plist */,
			);
			path = JSONParsing;
			sourceTree = "<group>";
		};
		446D941228CA25D400834318 /* Data */ = {
			isa = PBXGroup;
			children = (
				446D941C28CA348900834318 /* FilmModel */,
				446D941828CA340B00834318 /* GenreModel */,
				446D941728CA33E300834318 /* MyJSON */,
			);
			path = Data;
			sourceTree = "<group>";
		};
		446D941728CA33E300834318 /* MyJSON */ = {
			isa = PBXGroup;
			children = (
				446D941328CA25E400834318 /* JsonModel.swift */,
				446D941528CA274900834318 /* RawData.json */,
			);
			path = MyJSON;
			sourceTree = "<group>";
		};
		446D941828CA340B00834318 /* GenreModel */ = {
			isa = PBXGroup;
			children = (
				446D941928CA343C00834318 /* GenreModel.swift */,
			);
			path = GenreModel;
			sourceTree = "<group>";
		};
		446D941C28CA348900834318 /* FilmModel */ = {
			isa = PBXGroup;
			children = (
				446D941D28CA349A00834318 /* FilmModel.swift */,
			);
			path = FilmModel;
			sourceTree = "<group>";
		};
		446D941F28CA3D7C00834318 /* MovieController */ = {
			isa = PBXGroup;
			children = (
				446D942028CA3DCC00834318 /* MovieViewController.swift */,
			);
			path = MovieController;
			sourceTree = "<group>";
		};
		446D942228CA513000834318 /* GenreViewControl */ = {
			isa = PBXGroup;
			children = (
				446D942328CA515000834318 /* GenreViewController.swift */,
			);
			path = GenreViewControl;
			sourceTree = "<group>";
		};
		4537296244888D2E63C36581 /* Frameworks */ = {
			isa = PBXGroup;
			children = (
				65135716930245F99A91E0EB /* Pods_JSONParsing.framework */,
			);
			name = Frameworks;
			sourceTree = "<group>";
		};
		FB453FD9D7FB17FF56637991 /* Pods */ = {
			isa = PBXGroup;
			children = (
				86B5A6863ACC3D727285E5F8 /* Pods-JSONParsing.debug.xcconfig */,
				81789290050E04FD42EE8578 /* Pods-JSONParsing.release.xcconfig */,
			);
			path = Pods;
			sourceTree = "<group>";
		};
/* End PBXGroup section */

/* Begin PBXNativeTarget section */
		446D93FA28CA243200834318 /* JSONParsing */ = {
			isa = PBXNativeTarget;
			buildConfigurationList = 446D940F28CA243800834318 /* Build configuration list for PBXNativeTarget "JSONParsing" */;
			buildPhases = (
				107FFD8DAC5FE1F47D9E6E30 /* [CP] Check Pods Manifest.lock */,
				446D93F728CA243200834318 /* Sources */,
				446D93F828CA243200834318 /* Frameworks */,
				446D93F928CA243200834318 /* Resources */,
				2246BD24F3E47D13CD9FDFF6 /* [CP] Embed Pods Frameworks */,
			);
			buildRules = (
			);
			dependencies = (
			);
			name = JSONParsing;
			productName = JSONParsing;
			productReference = 446D93FB28CA243200834318 /* JSONParsing.app */;
			productType = "com.apple.product-type.application";
		};
/* End PBXNativeTarget section */

/* Begin PBXProject section */
		446D93F328CA243200834318 /* Project object */ = {
			isa = PBXProject;
			attributes = {
				BuildIndependentTargetsInParallel = 1;
				LastSwiftUpdateCheck = 1340;
				LastUpgradeCheck = 1340;
				TargetAttributes = {
					446D93FA28CA243200834318 = {
						CreatedOnToolsVersion = 13.4.1;
					};
				};
			};
			buildConfigurationList = 446D93F628CA243200834318 /* Build configuration list for PBXProject "JSONParsing" */;
			compatibilityVersion = "Xcode 13.0";
			developmentRegion = en;
			hasScannedForEncodings = 0;
			knownRegions = (
				en,
				Base,
			);
			mainGroup = 446D93F228CA243200834318;
			productRefGroup = 446D93FC28CA243200834318 /* Products */;
			projectDirPath = "";
			projectRoot = "";
			targets = (
				446D93FA28CA243200834318 /* JSONParsing */,
			);
		};
/* End PBXProject section */

/* Begin PBXResourcesBuildPhase section */
		446D93F928CA243200834318 /* Resources */ = {
			isa = PBXResourcesBuildPhase;
			buildActionMask = 2147483647;
			files = (
				446D941628CA274900834318 /* RawData.json in Resources */,
				446D940B28CA243800834318 /* LaunchScreen.storyboard in Resources */,
				446D940828CA243800834318 /* Assets.xcassets in Resources */,
				446D940628CA243200834318 /* Main.storyboard in Resources */,
			);
			runOnlyForDeploymentPostprocessing = 0;
		};
/* End PBXResourcesBuildPhase section */

/* Begin PBXShellScriptBuildPhase section */
		107FFD8DAC5FE1F47D9E6E30 /* [CP] Check Pods Manifest.lock */ = {
			isa = PBXShellScriptBuildPhase;
			buildActionMask = 2147483647;
			files = (
			);
			inputFileListPaths = (
			);
			inputPaths = (
				"${PODS_PODFILE_DIR_PATH}/Podfile.lock",
				"${PODS_ROOT}/Manifest.lock",
			);
			name = "[CP] Check Pods Manifest.lock";
			outputFileListPaths = (
			);
			outputPaths = (
				"$(DERIVED_FILE_DIR)/Pods-JSONParsing-checkManifestLockResult.txt",
			);
			runOnlyForDeploymentPostprocessing = 0;
			shellPath = /bin/sh;
			shellScript = "diff \"${PODS_PODFILE_DIR_PATH}/Podfile.lock\" \"${PODS_ROOT}/Manifest.lock\" > /dev/null\nif [ $? != 0 ] ; then\n    # print error to STDERR\n    echo \"error: The sandbox is not in sync with the Podfile.lock. Run 'pod install' or update your CocoaPods installation.\" >&2\n    exit 1\nfi\n# This output is used by Xcode 'outputs' to avoid re-running this script phase.\necho \"SUCCESS\" > \"${SCRIPT_OUTPUT_FILE_0}\"\n";
			showEnvVarsInLog = 0;
		};
		2246BD24F3E47D13CD9FDFF6 /* [CP] Embed Pods Frameworks */ = {
			isa = PBXShellScriptBuildPhase;
			buildActionMask = 2147483647;
			files = (
			);
			inputFileListPaths = (
				"${PODS_ROOT}/Target Support Files/Pods-JSONParsing/Pods-JSONParsing-frameworks-${CONFIGURATION}-input-files.xcfilelist",
			);
			name = "[CP] Embed Pods Frameworks";
			outputFileListPaths = (
				"${PODS_ROOT}/Target Support Files/Pods-JSONParsing/Pods-JSONParsing-frameworks-${CONFIGURATION}-output-files.xcfilelist",
			);
			runOnlyForDeploymentPostprocessing = 0;
			shellPath = /bin/sh;
			shellScript = "\"${PODS_ROOT}/Target Support Files/Pods-JSONParsing/Pods-JSONParsing-frameworks.sh\"\n";
			showEnvVarsInLog = 0;
		};
/* End PBXShellScriptBuildPhase section */

/* Begin PBXSourcesBuildPhase section */
		446D93F728CA243200834318 /* Sources */ = {
			isa = PBXSourcesBuildPhase;
			buildActionMask = 2147483647;
			files = (
				446D940328CA243200834318 /* ViewController.swift in Sources */,
				446D942128CA3DCC00834318 /* MovieViewController.swift in Sources */,
				446D941E28CA349A00834318 /* FilmModel.swift in Sources */,
				446D941A28CA343C00834318 /* GenreModel.swift in Sources */,
				446D942428CA515000834318 /* GenreViewController.swift in Sources */,
				446D941428CA25E400834318 /* JsonModel.swift in Sources */,
				446D93FF28CA243200834318 /* AppDelegate.swift in Sources */,
				446D940128CA243200834318 /* SceneDelegate.swift in Sources */,
			);
			runOnlyForDeploymentPostprocessing = 0;
		};
/* End PBXSourcesBuildPhase section */

/* Begin PBXVariantGroup section */
		446D940428CA243200834318 /* Main.storyboard */ = {
			isa = PBXVariantGroup;
			children = (
				446D940528CA243200834318 /* Base */,
			);
			name = Main.storyboard;
			sourceTree = "<group>";
		};
		446D940928CA243800834318 /* LaunchScreen.storyboard */ = {
			isa = PBXVariantGroup;
			children = (
				446D940A28CA243800834318 /* Base */,
			);
			name = LaunchScreen.storyboard;
			sourceTree = "<group>";
		};
/* End PBXVariantGroup section */

/* Begin XCBuildConfiguration section */
		446D940D28CA243800834318 /* Debug */ = {
			isa = XCBuildConfiguration;
			buildSettings = {
				ALWAYS_SEARCH_USER_PATHS = NO;
				CLANG_ANALYZER_NONNULL = YES;
				CLANG_ANALYZER_NUMBER_OBJECT_CONVERSION = YES_AGGRESSIVE;
				CLANG_CXX_LANGUAGE_STANDARD = "gnu++17";
				CLANG_ENABLE_MODULES = YES;
				CLANG_ENABLE_OBJC_ARC = YES;
				CLANG_ENABLE_OBJC_WEAK = YES;
				CLANG_WARN_BLOCK_CAPTURE_AUTORELEASING = YES;
				CLANG_WARN_BOOL_CONVERSION = YES;
				CLANG_WARN_COMMA = YES;
				CLANG_WARN_CONSTANT_CONVERSION = YES;
				CLANG_WARN_DEPRECATED_OBJC_IMPLEMENTATIONS = YES;
				CLANG_WARN_DIRECT_OBJC_ISA_USAGE = YES_ERROR;
				CLANG_WARN_DOCUMENTATION_COMMENTS = YES;
				CLANG_WARN_EMPTY_BODY = YES;
				CLANG_WARN_ENUM_CONVERSION = YES;
				CLANG_WARN_INFINITE_RECURSION = YES;
				CLANG_WARN_INT_CONVERSION = YES;
				CLANG_WARN_NON_LITERAL_NULL_CONVERSION = YES;
				CLANG_WARN_OBJC_IMPLICIT_RETAIN_SELF = YES;
				CLANG_WARN_OBJC_LITERAL_CONVERSION = YES;
				CLANG_WARN_OBJC_ROOT_CLASS = YES_ERROR;
				CLANG_WARN_QUOTED_INCLUDE_IN_FRAMEWORK_HEADER = YES;
				CLANG_WARN_RANGE_LOOP_ANALYSIS = YES;
				CLANG_WARN_STRICT_PROTOTYPES = YES;
				CLANG_WARN_SUSPICIOUS_MOVE = YES;
				CLANG_WARN_UNGUARDED_AVAILABILITY = YES_AGGRESSIVE;
				CLANG_WARN_UNREACHABLE_CODE = YES;
				CLANG_WARN__DUPLICATE_METHOD_MATCH = YES;
				COPY_PHASE_STRIP = NO;
				DEBUG_INFORMATION_FORMAT = dwarf;
				ENABLE_STRICT_OBJC_MSGSEND = YES;
				ENABLE_TESTABILITY = YES;
				GCC_C_LANGUAGE_STANDARD = gnu11;
				GCC_DYNAMIC_NO_PIC = NO;
				GCC_NO_COMMON_BLOCKS = YES;
				GCC_OPTIMIZATION_LEVEL = 0;
				GCC_PREPROCESSOR_DEFINITIONS = (
					"DEBUG=1",
					"$(inherited)",
				);
				GCC_WARN_64_TO_32_BIT_CONVERSION = YES;
				GCC_WARN_ABOUT_RETURN_TYPE = YES_ERROR;
				GCC_WARN_UNDECLARED_SELECTOR = YES;
				GCC_WARN_UNINITIALIZED_AUTOS = YES_AGGRESSIVE;
				GCC_WARN_UNUSED_FUNCTION = YES;
				GCC_WARN_UNUSED_VARIABLE = YES;
				IPHONEOS_DEPLOYMENT_TARGET = 15.5;
				MTL_ENABLE_DEBUG_INFO = INCLUDE_SOURCE;
				MTL_FAST_MATH = YES;
				ONLY_ACTIVE_ARCH = YES;
				SDKROOT = iphoneos;
				SWIFT_ACTIVE_COMPILATION_CONDITIONS = DEBUG;
				SWIFT_OPTIMIZATION_LEVEL = "-Onone";
			};
			name = Debug;
		};
		446D940E28CA243800834318 /* Release */ = {
			isa = XCBuildConfiguration;
			buildSettings = {
				ALWAYS_SEARCH_USER_PATHS = NO;
				CLANG_ANALYZER_NONNULL = YES;
				CLANG_ANALYZER_NUMBER_OBJECT_CONVERSION = YES_AGGRESSIVE;
				CLANG_CXX_LANGUAGE_STANDARD = "gnu++17";
				CLANG_ENABLE_MODULES = YES;
				CLANG_ENABLE_OBJC_ARC = YES;
				CLANG_ENABLE_OBJC_WEAK = YES;
				CLANG_WARN_BLOCK_CAPTURE_AUTORELEASING = YES;
				CLANG_WARN_BOOL_CONVERSION = YES;
				CLANG_WARN_COMMA = YES;
				CLANG_WARN_CONSTANT_CONVERSION = YES;
				CLANG_WARN_DEPRECATED_OBJC_IMPLEMENTATIONS = YES;
				CLANG_WARN_DIRECT_OBJC_ISA_USAGE = YES_ERROR;
				CLANG_WARN_DOCUMENTATION_COMMENTS = YES;
				CLANG_WARN_EMPTY_BODY = YES;
				CLANG_WARN_ENUM_CONVERSION = YES;
				CLANG_WARN_INFINITE_RECURSION = YES;
				CLANG_WARN_INT_CONVERSION = YES;
				CLANG_WARN_NON_LITERAL_NULL_CONVERSION = YES;
				CLANG_WARN_OBJC_IMPLICIT_RETAIN_SELF = YES;
				CLANG_WARN_OBJC_LITERAL_CONVERSION = YES;
				CLANG_WARN_OBJC_ROOT_CLASS = YES_ERROR;
				CLANG_WARN_QUOTED_INCLUDE_IN_FRAMEWORK_HEADER = YES;
				CLANG_WARN_RANGE_LOOP_ANALYSIS = YES;
				CLANG_WARN_STRICT_PROTOTYPES = YES;
				CLANG_WARN_SUSPICIOUS_MOVE = YES;
				CLANG_WARN_UNGUARDED_AVAILABILITY = YES_AGGRESSIVE;
				CLANG_WARN_UNREACHABLE_CODE = YES;
				CLANG_WARN__DUPLICATE_METHOD_MATCH = YES;
				COPY_PHASE_STRIP = NO;
				DEBUG_INFORMATION_FORMAT = "dwarf-with-dsym";
				ENABLE_NS_ASSERTIONS = NO;
				ENABLE_STRICT_OBJC_MSGSEND = YES;
				GCC_C_LANGUAGE_STANDARD = gnu11;
				GCC_NO_COMMON_BLOCKS = YES;
				GCC_WARN_64_TO_32_BIT_CONVERSION = YES;
				GCC_WARN_ABOUT_RETURN_TYPE = YES_ERROR;
				GCC_WARN_UNDECLARED_SELECTOR = YES;
				GCC_WARN_UNINITIALIZED_AUTOS = YES_AGGRESSIVE;
				GCC_WARN_UNUSED_FUNCTION = YES;
				GCC_WARN_UNUSED_VARIABLE = YES;
				IPHONEOS_DEPLOYMENT_TARGET = 15.5;
				MTL_ENABLE_DEBUG_INFO = NO;
				MTL_FAST_MATH = YES;
				SDKROOT = iphoneos;
				SWIFT_COMPILATION_MODE = wholemodule;
				SWIFT_OPTIMIZATION_LEVEL = "-O";
				VALIDATE_PRODUCT = YES;
			};
			name = Release;
		};
		446D941028CA243800834318 /* Debug */ = {
			isa = XCBuildConfiguration;
			baseConfigurationReference = 86B5A6863ACC3D727285E5F8 /* Pods-JSONParsing.debug.xcconfig */;
			buildSettings = {
				ASSETCATALOG_COMPILER_APPICON_NAME = AppIcon;
				ASSETCATALOG_COMPILER_GLOBAL_ACCENT_COLOR_NAME = AccentColor;
				CODE_SIGN_STYLE = Automatic;
				CURRENT_PROJECT_VERSION = 1;
				GENERATE_INFOPLIST_FILE = YES;
				INFOPLIST_FILE = JSONParsing/Info.plist;
				INFOPLIST_KEY_UIApplicationSupportsIndirectInputEvents = YES;
				INFOPLIST_KEY_UILaunchStoryboardName = LaunchScreen;
				INFOPLIST_KEY_UIMainStoryboardFile = Main;
				INFOPLIST_KEY_UISupportedInterfaceOrientations_iPad = "UIInterfaceOrientationPortrait UIInterfaceOrientationPortraitUpsideDown UIInterfaceOrientationLandscapeLeft UIInterfaceOrientationLandscapeRight";
				INFOPLIST_KEY_UISupportedInterfaceOrientations_iPhone = "UIInterfaceOrientationPortrait UIInterfaceOrientationLandscapeLeft UIInterfaceOrientationLandscapeRight";
				LD_RUNPATH_SEARCH_PATHS = (
					"$(inherited)",
					"@executable_path/Frameworks",
				);
				MARKETING_VERSION = 1.0;
				PRODUCT_BUNDLE_IDENTIFIER = ruslanlyulka.JSONParsing;
				PRODUCT_NAME = "$(TARGET_NAME)";
				SWIFT_EMIT_LOC_STRINGS = YES;
				SWIFT_VERSION = 5.0;
				TARGETED_DEVICE_FAMILY = "1,2";
			};
			name = Debug;
		};
		446D941128CA243800834318 /* Release */ = {
			isa = XCBuildConfiguration;
			baseConfigurationReference = 81789290050E04FD42EE8578 /* Pods-JSONParsing.release.xcconfig */;
			buildSettings = {
				ASSETCATALOG_COMPILER_APPICON_NAME = AppIcon;
				ASSETCATALOG_COMPILER_GLOBAL_ACCENT_COLOR_NAME = AccentColor;
				CODE_SIGN_STYLE = Automatic;
				CURRENT_PROJECT_VERSION = 1;
				GENERATE_INFOPLIST_FILE = YES;
				INFOPLIST_FILE = JSONParsing/Info.plist;
				INFOPLIST_KEY_UIApplicationSupportsIndirectInputEvents = YES;
				INFOPLIST_KEY_UILaunchStoryboardName = LaunchScreen;
				INFOPLIST_KEY_UIMainStoryboardFile = Main;
				INFOPLIST_KEY_UISupportedInterfaceOrientations_iPad = "UIInterfaceOrientationPortrait UIInterfaceOrientationPortraitUpsideDown UIInterfaceOrientationLandscapeLeft UIInterfaceOrientationLandscapeRight";
				INFOPLIST_KEY_UISupportedInterfaceOrientations_iPhone = "UIInterfaceOrientationPortrait UIInterfaceOrientationLandscapeLeft UIInterfaceOrientationLandscapeRight";
				LD_RUNPATH_SEARCH_PATHS = (
					"$(inherited)",
					"@executable_path/Frameworks",
				);
				MARKETING_VERSION = 1.0;
				PRODUCT_BUNDLE_IDENTIFIER = ruslanlyulka.JSONParsing;
				PRODUCT_NAME = "$(TARGET_NAME)";
				SWIFT_EMIT_LOC_STRINGS = YES;
				SWIFT_VERSION = 5.0;
				TARGETED_DEVICE_FAMILY = "1,2";
			};
			name = Release;
		};
/* End XCBuildConfiguration section */

/* Begin XCConfigurationList section */
		446D93F628CA243200834318 /* Build configuration list for PBXProject "JSONParsing" */ = {
			isa = XCConfigurationList;
			buildConfigurations = (
				446D940D28CA243800834318 /* Debug */,
				446D940E28CA243800834318 /* Release */,
			);
			defaultConfigurationIsVisible = 0;
			defaultConfigurationName = Release;
		};
		446D940F28CA243800834318 /* Build configuration list for PBXNativeTarget "JSONParsing" */ = {
			isa = XCConfigurationList;
			buildConfigurations = (
				446D941028CA243800834318 /* Debug */,
				446D941128CA243800834318 /* Release */,
			);
			defaultConfigurationIsVisible = 0;
			defaultConfigurationName = Release;
		};
/* End XCConfigurationList section */
	};
	rootObject = 446D93F328CA243200834318 /* Project object */;
}
