// !$*UTF8*$!
{
	archiveVersion = 1;
	classes = {
	};
	objectVersion = 55;
	objects = {

/* Begin PBXBuildFile section */
		44BD494528B50BC100D68689 /* ExchangeRates.swift in Sources */ = {isa = PBXBuildFile; fileRef = 44BD494428B50BC100D68689 /* ExchangeRates.swift */; };
		44BD494728B50BE600D68689 /* ExchangeRates.xib in Resources */ = {isa = PBXBuildFile; fileRef = 44BD494628B50BE600D68689 /* ExchangeRates.xib */; };
		44C4722128B36639007EBF74 /* AppDelegate.swift in Sources */ = {isa = PBXBuildFile; fileRef = 44C4722028B36639007EBF74 /* AppDelegate.swift */; };
		44C4722328B36639007EBF74 /* SceneDelegate.swift in Sources */ = {isa = PBXBuildFile; fileRef = 44C4722228B36639007EBF74 /* SceneDelegate.swift */; };
		44C4722528B36639007EBF74 /* ViewController.swift in Sources */ = {isa = PBXBuildFile; fileRef = 44C4722428B36639007EBF74 /* ViewController.swift */; };
		44C4722828B36639007EBF74 /* Main.storyboard in Resources */ = {isa = PBXBuildFile; fileRef = 44C4722628B36639007EBF74 /* Main.storyboard */; };
		44C4722A28B3663E007EBF74 /* Assets.xcassets in Resources */ = {isa = PBXBuildFile; fileRef = 44C4722928B3663E007EBF74 /* Assets.xcassets */; };
		44C4722D28B3663E007EBF74 /* LaunchScreen.storyboard in Resources */ = {isa = PBXBuildFile; fileRef = 44C4722B28B3663E007EBF74 /* LaunchScreen.storyboard */; };
		44C4723628B3A2D9007EBF74 /* MenuBlock.swift in Sources */ = {isa = PBXBuildFile; fileRef = 44C4723528B3A2D9007EBF74 /* MenuBlock.swift */; };
		44C4723828B3A30D007EBF74 /* MenuBlock.xib in Resources */ = {isa = PBXBuildFile; fileRef = 44C4723728B3A30D007EBF74 /* MenuBlock.xib */; };
		44C4723B28B3AA85007EBF74 /* MenuBlockControllerViewController.swift in Sources */ = {isa = PBXBuildFile; fileRef = 44C4723A28B3AA85007EBF74 /* MenuBlockControllerViewController.swift */; };
/* End PBXBuildFile section */

/* Begin PBXFileReference section */
		44BD494428B50BC100D68689 /* ExchangeRates.swift */ = {isa = PBXFileReference; lastKnownFileType = sourcecode.swift; path = ExchangeRates.swift; sourceTree = "<group>"; };
		44BD494628B50BE600D68689 /* ExchangeRates.xib */ = {isa = PBXFileReference; lastKnownFileType = file.xib; path = ExchangeRates.xib; sourceTree = "<group>"; };
		44C4721D28B36639007EBF74 /* Mono Page.app */ = {isa = PBXFileReference; explicitFileType = wrapper.application; includeInIndex = 0; path = "Mono Page.app"; sourceTree = BUILT_PRODUCTS_DIR; };
		44C4722028B36639007EBF74 /* AppDelegate.swift */ = {isa = PBXFileReference; lastKnownFileType = sourcecode.swift; path = AppDelegate.swift; sourceTree = "<group>"; };
		44C4722228B36639007EBF74 /* SceneDelegate.swift */ = {isa = PBXFileReference; lastKnownFileType = sourcecode.swift; path = SceneDelegate.swift; sourceTree = "<group>"; };
		44C4722428B36639007EBF74 /* ViewController.swift */ = {isa = PBXFileReference; lastKnownFileType = sourcecode.swift; path = ViewController.swift; sourceTree = "<group>"; };
		44C4722728B36639007EBF74 /* Base */ = {isa = PBXFileReference; lastKnownFileType = file.storyboard; name = Base; path = Base.lproj/Main.storyboard; sourceTree = "<group>"; };
		44C4722928B3663E007EBF74 /* Assets.xcassets */ = {isa = PBXFileReference; lastKnownFileType = folder.assetcatalog; path = Assets.xcassets; sourceTree = "<group>"; };
		44C4722C28B3663E007EBF74 /* Base */ = {isa = PBXFileReference; lastKnownFileType = file.storyboard; name = Base; path = Base.lproj/LaunchScreen.storyboard; sourceTree = "<group>"; };
		44C4722E28B3663E007EBF74 /* Info.plist */ = {isa = PBXFileReference; lastKnownFileType = text.plist.xml; path = Info.plist; sourceTree = "<group>"; };
		44C4723528B3A2D9007EBF74 /* MenuBlock.swift */ = {isa = PBXFileReference; lastKnownFileType = sourcecode.swift; path = MenuBlock.swift; sourceTree = "<group>"; };
		44C4723728B3A30D007EBF74 /* MenuBlock.xib */ = {isa = PBXFileReference; lastKnownFileType = file.xib; path = MenuBlock.xib; sourceTree = "<group>"; };
		44C4723A28B3AA85007EBF74 /* MenuBlockControllerViewController.swift */ = {isa = PBXFileReference; lastKnownFileType = sourcecode.swift; path = MenuBlockControllerViewController.swift; sourceTree = "<group>"; };
/* End PBXFileReference section */

/* Begin PBXFrameworksBuildPhase section */
		44C4721A28B36639007EBF74 /* Frameworks */ = {
			isa = PBXFrameworksBuildPhase;
			buildActionMask = 2147483647;
			files = (
			);
			runOnlyForDeploymentPostprocessing = 0;
		};
/* End PBXFrameworksBuildPhase section */

/* Begin PBXGroup section */
		44BD494328B50B9A00D68689 /* Exchange Rates */ = {
			isa = PBXGroup;
			children = (
				44BD494428B50BC100D68689 /* ExchangeRates.swift */,
				44BD494628B50BE600D68689 /* ExchangeRates.xib */,
			);
			path = "Exchange Rates";
			sourceTree = "<group>";
		};
		44C4721428B36639007EBF74 = {
			isa = PBXGroup;
			children = (
				44C4721F28B36639007EBF74 /* Mono Page */,
				44C4721E28B36639007EBF74 /* Products */,
			);
			sourceTree = "<group>";
		};
		44C4721E28B36639007EBF74 /* Products */ = {
			isa = PBXGroup;
			children = (
				44C4721D28B36639007EBF74 /* Mono Page.app */,
			);
			name = Products;
			sourceTree = "<group>";
		};
		44C4721F28B36639007EBF74 /* Mono Page */ = {
			isa = PBXGroup;
			children = (
				44BD494328B50B9A00D68689 /* Exchange Rates */,
				44C4723428B39F99007EBF74 /* Menu Block */,
				44C4722028B36639007EBF74 /* AppDelegate.swift */,
				44C4722228B36639007EBF74 /* SceneDelegate.swift */,
				44C4722428B36639007EBF74 /* ViewController.swift */,
				44C4722628B36639007EBF74 /* Main.storyboard */,
				44C4722928B3663E007EBF74 /* Assets.xcassets */,
				44C4722B28B3663E007EBF74 /* LaunchScreen.storyboard */,
				44C4722E28B3663E007EBF74 /* Info.plist */,
			);
			path = "Mono Page";
			sourceTree = "<group>";
		};
		44C4723428B39F99007EBF74 /* Menu Block */ = {
			isa = PBXGroup;
			children = (
				44C4723928B3AA68007EBF74 /* MenuBlockController */,
				44C4723528B3A2D9007EBF74 /* MenuBlock.swift */,
				44C4723728B3A30D007EBF74 /* MenuBlock.xib */,
			);
			path = "Menu Block";
			sourceTree = "<group>";
		};
		44C4723928B3AA68007EBF74 /* MenuBlockController */ = {
			isa = PBXGroup;
			children = (
				44C4723A28B3AA85007EBF74 /* MenuBlockControllerViewController.swift */,
			);
			path = MenuBlockController;
			sourceTree = "<group>";
		};
/* End PBXGroup section */

/* Begin PBXNativeTarget section */
		44C4721C28B36639007EBF74 /* Mono Page */ = {
			isa = PBXNativeTarget;
			buildConfigurationList = 44C4723128B3663E007EBF74 /* Build configuration list for PBXNativeTarget "Mono Page" */;
			buildPhases = (
				44C4721928B36639007EBF74 /* Sources */,
				44C4721A28B36639007EBF74 /* Frameworks */,
				44C4721B28B36639007EBF74 /* Resources */,
			);
			buildRules = (
			);
			dependencies = (
			);
			name = "Mono Page";
			productName = "Mono Page";
			productReference = 44C4721D28B36639007EBF74 /* Mono Page.app */;
			productType = "com.apple.product-type.application";
		};
/* End PBXNativeTarget section */

/* Begin PBXProject section */
		44C4721528B36639007EBF74 /* Project object */ = {
			isa = PBXProject;
			attributes = {
				BuildIndependentTargetsInParallel = 1;
				LastSwiftUpdateCheck = 1330;
				LastUpgradeCheck = 1330;
				TargetAttributes = {
					44C4721C28B36639007EBF74 = {
						CreatedOnToolsVersion = 13.3.1;
					};
				};
			};
			buildConfigurationList = 44C4721828B36639007EBF74 /* Build configuration list for PBXProject "Mono Page" */;
			compatibilityVersion = "Xcode 13.0";
			developmentRegion = en;
			hasScannedForEncodings = 0;
			knownRegions = (
				en,
				Base,
			);
			mainGroup = 44C4721428B36639007EBF74;
			productRefGroup = 44C4721E28B36639007EBF74 /* Products */;
			projectDirPath = "";
			projectRoot = "";
			targets = (
				44C4721C28B36639007EBF74 /* Mono Page */,
			);
		};
/* End PBXProject section */

/* Begin PBXResourcesBuildPhase section */
		44C4721B28B36639007EBF74 /* Resources */ = {
			isa = PBXResourcesBuildPhase;
			buildActionMask = 2147483647;
			files = (
				44C4722D28B3663E007EBF74 /* LaunchScreen.storyboard in Resources */,
				44C4722A28B3663E007EBF74 /* Assets.xcassets in Resources */,
				44C4723828B3A30D007EBF74 /* MenuBlock.xib in Resources */,
				44BD494728B50BE600D68689 /* ExchangeRates.xib in Resources */,
				44C4722828B36639007EBF74 /* Main.storyboard in Resources */,
			);
			runOnlyForDeploymentPostprocessing = 0;
		};
/* End PBXResourcesBuildPhase section */

/* Begin PBXSourcesBuildPhase section */
		44C4721928B36639007EBF74 /* Sources */ = {
			isa = PBXSourcesBuildPhase;
			buildActionMask = 2147483647;
			files = (
				44C4722528B36639007EBF74 /* ViewController.swift in Sources */,
				44C4722128B36639007EBF74 /* AppDelegate.swift in Sources */,
				44C4723628B3A2D9007EBF74 /* MenuBlock.swift in Sources */,
				44C4722328B36639007EBF74 /* SceneDelegate.swift in Sources */,
				44BD494528B50BC100D68689 /* ExchangeRates.swift in Sources */,
				44C4723B28B3AA85007EBF74 /* MenuBlockControllerViewController.swift in Sources */,
			);
			runOnlyForDeploymentPostprocessing = 0;
		};
/* End PBXSourcesBuildPhase section */

/* Begin PBXVariantGroup section */
		44C4722628B36639007EBF74 /* Main.storyboard */ = {
			isa = PBXVariantGroup;
			children = (
				44C4722728B36639007EBF74 /* Base */,
			);
			name = Main.storyboard;
			sourceTree = "<group>";
		};
		44C4722B28B3663E007EBF74 /* LaunchScreen.storyboard */ = {
			isa = PBXVariantGroup;
			children = (
				44C4722C28B3663E007EBF74 /* Base */,
			);
			name = LaunchScreen.storyboard;
			sourceTree = "<group>";
		};
/* End PBXVariantGroup section */

/* Begin XCBuildConfiguration section */
		44C4722F28B3663E007EBF74 /* Debug */ = {
			isa = XCBuildConfiguration;
			buildSettings = {
				ALWAYS_SEARCH_USER_PATHS = NO;
				CLANG_ANALYZER_NONNULL = YES;
				CLANG_ANALYZER_NUMBER_OBJECT_CONVERSION = YES_AGGRESSIVE;
				CLANG_CXX_LANGUAGE_STANDARD = "gnu++17";
				CLANG_ENABLE_MODULES = YES;
				CLANG_ENABLE_OBJC_ARC = YES;
				CLANG_ENABLE_OBJC_WEAK = YES;
				CLANG_WARN_BLOCK_CAPTURE_AUTORELEASING = YES;
				CLANG_WARN_BOOL_CONVERSION = YES;
				CLANG_WARN_COMMA = YES;
				CLANG_WARN_CONSTANT_CONVERSION = YES;
				CLANG_WARN_DEPRECATED_OBJC_IMPLEMENTATIONS = YES;
				CLANG_WARN_DIRECT_OBJC_ISA_USAGE = YES_ERROR;
				CLANG_WARN_DOCUMENTATION_COMMENTS = YES;
				CLANG_WARN_EMPTY_BODY = YES;
				CLANG_WARN_ENUM_CONVERSION = YES;
				CLANG_WARN_INFINITE_RECURSION = YES;
				CLANG_WARN_INT_CONVERSION = YES;
				CLANG_WARN_NON_LITERAL_NULL_CONVERSION = YES;
				CLANG_WARN_OBJC_IMPLICIT_RETAIN_SELF = YES;
				CLANG_WARN_OBJC_LITERAL_CONVERSION = YES;
				CLANG_WARN_OBJC_ROOT_CLASS = YES_ERROR;
				CLANG_WARN_QUOTED_INCLUDE_IN_FRAMEWORK_HEADER = YES;
				CLANG_WARN_RANGE_LOOP_ANALYSIS = YES;
				CLANG_WARN_STRICT_PROTOTYPES = YES;
				CLANG_WARN_SUSPICIOUS_MOVE = YES;
				CLANG_WARN_UNGUARDED_AVAILABILITY = YES_AGGRESSIVE;
				CLANG_WARN_UNREACHABLE_CODE = YES;
				CLANG_WARN__DUPLICATE_METHOD_MATCH = YES;
				COPY_PHASE_STRIP = NO;
				DEBUG_INFORMATION_FORMAT = dwarf;
				ENABLE_STRICT_OBJC_MSGSEND = YES;
				ENABLE_TESTABILITY = YES;
				GCC_C_LANGUAGE_STANDARD = gnu11;
				GCC_DYNAMIC_NO_PIC = NO;
				GCC_NO_COMMON_BLOCKS = YES;
				GCC_OPTIMIZATION_LEVEL = 0;
				GCC_PREPROCESSOR_DEFINITIONS = (
					"DEBUG=1",
					"$(inherited)",
				);
				GCC_WARN_64_TO_32_BIT_CONVERSION = YES;
				GCC_WARN_ABOUT_RETURN_TYPE = YES_ERROR;
				GCC_WARN_UNDECLARED_SELECTOR = YES;
				GCC_WARN_UNINITIALIZED_AUTOS = YES_AGGRESSIVE;
				GCC_WARN_UNUSED_FUNCTION = YES;
				GCC_WARN_UNUSED_VARIABLE = YES;
				IPHONEOS_DEPLOYMENT_TARGET = 15.4;
				MTL_ENABLE_DEBUG_INFO = INCLUDE_SOURCE;
				MTL_FAST_MATH = YES;
				ONLY_ACTIVE_ARCH = YES;
				SDKROOT = iphoneos;
				SWIFT_ACTIVE_COMPILATION_CONDITIONS = DEBUG;
				SWIFT_OPTIMIZATION_LEVEL = "-Onone";
			};
			name = Debug;
		};
		44C4723028B3663E007EBF74 /* Release */ = {
			isa = XCBuildConfiguration;
			buildSettings = {
				ALWAYS_SEARCH_USER_PATHS = NO;
				CLANG_ANALYZER_NONNULL = YES;
				CLANG_ANALYZER_NUMBER_OBJECT_CONVERSION = YES_AGGRESSIVE;
				CLANG_CXX_LANGUAGE_STANDARD = "gnu++17";
				CLANG_ENABLE_MODULES = YES;
				CLANG_ENABLE_OBJC_ARC = YES;
				CLANG_ENABLE_OBJC_WEAK = YES;
				CLANG_WARN_BLOCK_CAPTURE_AUTORELEASING = YES;
				CLANG_WARN_BOOL_CONVERSION = YES;
				CLANG_WARN_COMMA = YES;
				CLANG_WARN_CONSTANT_CONVERSION = YES;
				CLANG_WARN_DEPRECATED_OBJC_IMPLEMENTATIONS = YES;
				CLANG_WARN_DIRECT_OBJC_ISA_USAGE = YES_ERROR;
				CLANG_WARN_DOCUMENTATION_COMMENTS = YES;
				CLANG_WARN_EMPTY_BODY = YES;
				CLANG_WARN_ENUM_CONVERSION = YES;
				CLANG_WARN_INFINITE_RECURSION = YES;
				CLANG_WARN_INT_CONVERSION = YES;
				CLANG_WARN_NON_LITERAL_NULL_CONVERSION = YES;
				CLANG_WARN_OBJC_IMPLICIT_RETAIN_SELF = YES;
				CLANG_WARN_OBJC_LITERAL_CONVERSION = YES;
				CLANG_WARN_OBJC_ROOT_CLASS = YES_ERROR;
				CLANG_WARN_QUOTED_INCLUDE_IN_FRAMEWORK_HEADER = YES;
				CLANG_WARN_RANGE_LOOP_ANALYSIS = YES;
				CLANG_WARN_STRICT_PROTOTYPES = YES;
				CLANG_WARN_SUSPICIOUS_MOVE = YES;
				CLANG_WARN_UNGUARDED_AVAILABILITY = YES_AGGRESSIVE;
				CLANG_WARN_UNREACHABLE_CODE = YES;
				CLANG_WARN__DUPLICATE_METHOD_MATCH = YES;
				COPY_PHASE_STRIP = NO;
				DEBUG_INFORMATION_FORMAT = "dwarf-with-dsym";
				ENABLE_NS_ASSERTIONS = NO;
				ENABLE_STRICT_OBJC_MSGSEND = YES;
				GCC_C_LANGUAGE_STANDARD = gnu11;
				GCC_NO_COMMON_BLOCKS = YES;
				GCC_WARN_64_TO_32_BIT_CONVERSION = YES;
				GCC_WARN_ABOUT_RETURN_TYPE = YES_ERROR;
				GCC_WARN_UNDECLARED_SELECTOR = YES;
				GCC_WARN_UNINITIALIZED_AUTOS = YES_AGGRESSIVE;
				GCC_WARN_UNUSED_FUNCTION = YES;
				GCC_WARN_UNUSED_VARIABLE = YES;
				IPHONEOS_DEPLOYMENT_TARGET = 15.4;
				MTL_ENABLE_DEBUG_INFO = NO;
				MTL_FAST_MATH = YES;
				SDKROOT = iphoneos;
				SWIFT_COMPILATION_MODE = wholemodule;
				SWIFT_OPTIMIZATION_LEVEL = "-O";
				VALIDATE_PRODUCT = YES;
			};
			name = Release;
		};
		44C4723228B3663E007EBF74 /* Debug */ = {
			isa = XCBuildConfiguration;
			buildSettings = {
				ASSETCATALOG_COMPILER_APPICON_NAME = AppIcon;
				ASSETCATALOG_COMPILER_GLOBAL_ACCENT_COLOR_NAME = AccentColor;
				CODE_SIGN_STYLE = Automatic;
				CURRENT_PROJECT_VERSION = 1;
				GENERATE_INFOPLIST_FILE = YES;
				INFOPLIST_FILE = "Mono Page/Info.plist";
				INFOPLIST_KEY_UIApplicationSupportsIndirectInputEvents = YES;
				INFOPLIST_KEY_UILaunchStoryboardName = LaunchScreen;
				INFOPLIST_KEY_UIMainStoryboardFile = Main;
				INFOPLIST_KEY_UISupportedInterfaceOrientations_iPad = "UIInterfaceOrientationPortrait UIInterfaceOrientationPortraitUpsideDown UIInterfaceOrientationLandscapeLeft UIInterfaceOrientationLandscapeRight";
				INFOPLIST_KEY_UISupportedInterfaceOrientations_iPhone = "UIInterfaceOrientationPortrait UIInterfaceOrientationLandscapeLeft UIInterfaceOrientationLandscapeRight";
				LD_RUNPATH_SEARCH_PATHS = (
					"$(inherited)",
					"@executable_path/Frameworks",
				);
				MARKETING_VERSION = 1.0;
				PRODUCT_BUNDLE_IDENTIFIER = "ruslanlyulka.Mono-Page";
				PRODUCT_NAME = "$(TARGET_NAME)";
				SWIFT_EMIT_LOC_STRINGS = YES;
				SWIFT_VERSION = 5.0;
				TARGETED_DEVICE_FAMILY = "1,2";
			};
			name = Debug;
		};
		44C4723328B3663E007EBF74 /* Release */ = {
			isa = XCBuildConfiguration;
			buildSettings = {
				ASSETCATALOG_COMPILER_APPICON_NAME = AppIcon;
				ASSETCATALOG_COMPILER_GLOBAL_ACCENT_COLOR_NAME = AccentColor;
				CODE_SIGN_STYLE = Automatic;
				CURRENT_PROJECT_VERSION = 1;
				GENERATE_INFOPLIST_FILE = YES;
				INFOPLIST_FILE = "Mono Page/Info.plist";
				INFOPLIST_KEY_UIApplicationSupportsIndirectInputEvents = YES;
				INFOPLIST_KEY_UILaunchStoryboardName = LaunchScreen;
				INFOPLIST_KEY_UIMainStoryboardFile = Main;
				INFOPLIST_KEY_UISupportedInterfaceOrientations_iPad = "UIInterfaceOrientationPortrait UIInterfaceOrientationPortraitUpsideDown UIInterfaceOrientationLandscapeLeft UIInterfaceOrientationLandscapeRight";
				INFOPLIST_KEY_UISupportedInterfaceOrientations_iPhone = "UIInterfaceOrientationPortrait UIInterfaceOrientationLandscapeLeft UIInterfaceOrientationLandscapeRight";
				LD_RUNPATH_SEARCH_PATHS = (
					"$(inherited)",
					"@executable_path/Frameworks",
				);
				MARKETING_VERSION = 1.0;
				PRODUCT_BUNDLE_IDENTIFIER = "ruslanlyulka.Mono-Page";
				PRODUCT_NAME = "$(TARGET_NAME)";
				SWIFT_EMIT_LOC_STRINGS = YES;
				SWIFT_VERSION = 5.0;
				TARGETED_DEVICE_FAMILY = "1,2";
			};
			name = Release;
		};
/* End XCBuildConfiguration section */

/* Begin XCConfigurationList section */
		44C4721828B36639007EBF74 /* Build configuration list for PBXProject "Mono Page" */ = {
			isa = XCConfigurationList;
			buildConfigurations = (
				44C4722F28B3663E007EBF74 /* Debug */,
				44C4723028B3663E007EBF74 /* Release */,
			);
			defaultConfigurationIsVisible = 0;
			defaultConfigurationName = Release;
		};
		44C4723128B3663E007EBF74 /* Build configuration list for PBXNativeTarget "Mono Page" */ = {
			isa = XCConfigurationList;
			buildConfigurations = (
				44C4723228B3663E007EBF74 /* Debug */,
				44C4723328B3663E007EBF74 /* Release */,
			);
			defaultConfigurationIsVisible = 0;
			defaultConfigurationName = Release;
		};
/* End XCConfigurationList section */
	};
	rootObject = 44C4721528B36639007EBF74 /* Project object */;
}
